
Microsoft Visual Studio Solution File, Format Version 12.00
# Visual Studio 2013
VisualStudioVersion = 12.0.40629.0
MinimumVisualStudioVersion = 10.0.40219.1
Project("{FAE04EC0-301F-11D3-BF4B-00C04F79EFBC}") = "AdminLTE", "AdminLTE\AdminLTE.csproj", "{D66CDD03-739A-459D-8B7C-3526DC9D03F8}"
EndProject
Project("{FAE04EC0-301F-11D3-BF4B-00C04F79EFBC}") = "MvcBase", "MvcBase\MvcBase.csproj", "{C707CA86-B7C6-40ED-A0BD-6BEA4570CB07}"
EndProject
Project("{FAE04EC0-301F-11D3-BF4B-00C04F79EFBC}") = "BLL", "BLL\BLL.csproj", "{9B65C4E2-989E-49ED-AE10-DCC981FF0B10}"
EndProject
Project("{FAE04EC0-301F-11D3-BF4B-00C04F79EFBC}") = "AdminLTE.Tests", "AdminLTE.Tests\AdminLTE.Tests.csproj", "{CD44B884-4E3D-4BDF-B606-2AC1F41A73BD}"
EndProject
Project("{2150E333-8FDC-42A3-9474-1A3956D46DE8}") = ".nuget", ".nuget", "{B3DF4686-C1CC-42F6-8641-31FB7827C621}"
	ProjectSection(SolutionItems) = preProject
		.nuget\packages.config = .nuget\packages.config
	EndProjectSection
EndProject
Project("{FAE04EC0-301F-11D3-BF4B-00C04F79EFBC}") = "TestUnity", "TestUnity\TestUnity.csproj", "{93C922AB-559C-4CC3-9324-236445E9180F}"
EndProject
Global
	GlobalSection(SolutionConfigurationPlatforms) = preSolution
		Debug|Any CPU = Debug|Any CPU
		Release|Any CPU = Release|Any CPU
	EndGlobalSection
	GlobalSection(ProjectConfigurationPlatforms) = postSolution
		{D66CDD03-739A-459D-8B7C-3526DC9D03F8}.Debug|Any CPU.ActiveCfg = Debug|Any CPU
		{D66CDD03-739A-459D-8B7C-3526DC9D03F8}.Debug|Any CPU.Build.0 = Debug|Any CPU
		{D66CDD03-739A-459D-8B7C-3526DC9D03F8}.Release|Any CPU.ActiveCfg = Release|Any CPU
		{D66CDD03-739A-459D-8B7C-3526DC9D03F8}.Release|Any CPU.Build.0 = Release|Any CPU
		{C707CA86-B7C6-40ED-A0BD-6BEA4570CB07}.Debug|Any CPU.ActiveCfg = Debug|Any CPU
		{C707CA86-B7C6-40ED-A0BD-6BEA4570CB07}.Debug|Any CPU.Build.0 = Debug|Any CPU
		{C707CA86-B7C6-40ED-A0BD-6BEA4570CB07}.Release|Any CPU.ActiveCfg = Release|Any CPU
		{C707CA86-B7C6-40ED-A0BD-6BEA4570CB07}.Release|Any CPU.Build.0 = Release|Any CPU
		{9B65C4E2-989E-49ED-AE10-DCC981FF0B10}.Debug|Any CPU.ActiveCfg = Debug|Any CPU
		{9B65C4E2-989E-49ED-AE10-DCC981FF0B10}.Debug|Any CPU.Build.0 = Debug|Any CPU
		{9B65C4E2-989E-49ED-AE10-DCC981FF0B10}.Release|Any CPU.ActiveCfg = Release|Any CPU
		{9B65C4E2-989E-49ED-AE10-DCC981FF0B10}.Release|Any CPU.Build.0 = Release|Any CPU
		{CD44B884-4E3D-4BDF-B606-2AC1F41A73BD}.Debug|Any CPU.ActiveCfg = Debug|Any CPU
		{CD44B884-4E3D-4BDF-B606-2AC1F41A73BD}.Debug|Any CPU.Build.0 = Debug|Any CPU
		{CD44B884-4E3D-4BDF-B606-2AC1F41A73BD}.Release|Any CPU.ActiveCfg = Release|Any CPU
		{CD44B884-4E3D-4BDF-B606-2AC1F41A73BD}.Release|Any CPU.Build.0 = Release|Any CPU
		{93C922AB-559C-4CC3-9324-236445E9180F}.Debug|Any CPU.ActiveCfg = Debug|Any CPU
		{93C922AB-559C-4CC3-9324-236445E9180F}.Debug|Any CPU.Build.0 = Debug|Any CPU
		{93C922AB-559C-4CC3-9324-236445E9180F}.Release|Any CPU.ActiveCfg = Release|Any CPU
		{93C922AB-559C-4CC3-9324-236445E9180F}.Release|Any CPU.Build.0 = Release|Any CPU
	EndGlobalSection
	GlobalSection(SolutionProperties) = preSolution
		HideSolutionNode = FALSE
	EndGlobalSection
EndGlobal
